
Microsoft Visual Studio Solution File, Format Version 12.00
# Visual Studio Version 16
VisualStudioVersion = 16.0.30225.117
MinimumVisualStudioVersion = 10.0.40219.1
Project("{FAE04EC0-301F-11D3-BF4B-00C04F79EFBC}") = "Tale", "Tale\Tale.csproj", "{7568676D-0400-4162-9E3F-644B33BB8BEC}"
EndProject
Global
	GlobalSection(SolutionConfigurationPlatforms) = preSolution
		Debug|Any CPU = Debug|Any CPU
		Release|Any CPU = Release|Any CPU
	EndGlobalSection
	GlobalSection(ProjectConfigurationPlatforms) = postSolution
		{7568676D-0400-4162-9E3F-644B33BB8BEC}.Debug|Any CPU.ActiveCfg = Debug|Any CPU
		{7568676D-0400-4162-9E3F-644B33BB8BEC}.Debug|Any CPU.Build.0 = Debug|Any CPU
		{7568676D-0400-4162-9E3F-644B33BB8BEC}.Release|Any CPU.ActiveCfg = Release|Any CPU
		{7568676D-0400-4162-9E3F-644B33BB8BEC}.Release|Any CPU.Build.0 = Release|Any CPU
	EndGlobalSection
	GlobalSection(SolutionProperties) = preSolution
		HideSolutionNode = FALSE
	EndGlobalSection
	GlobalSection(ExtensibilityGlobals) = postSolution
		SolutionGuid = {AE198D54-103E-48F5-86B7-33837E7A2798}
	EndGlobalSection
EndGlobal
